
Microsoft Visual Studio Solution File, Format Version 12.00
# Visual Studio 14
VisualStudioVersion = 14.0.25420.1
MinimumVisualStudioVersion = 10.0.40219.1
Project("{FAE04EC0-301F-11D3-BF4B-00C04F79EFBC}") = "TestingExercise", "TestingExercise\TestingExercise.csproj", "{1B68487C-D594-42BB-A058-CF773267C76A}"
EndProject
Project("{FAE04EC0-301F-11D3-BF4B-00C04F79EFBC}") = "CallCenterLogic", "CallCenterLogic\CallCenterLogic.csproj", "{81BA016F-66CD-4B38-9A4C-DA3EAFF12701}"
EndProject
Project("{FAE04EC0-301F-11D3-BF4B-00C04F79EFBC}") = "CallCenterContracts", "CallCenterContracts\CallCenterContracts.csproj", "{EB2E2D9A-1F5A-4292-AFF6-0D9A19EF06C3}"
EndProject
Global
	GlobalSection(SolutionConfigurationPlatforms) = preSolution
		Debug|Any CPU = Debug|Any CPU
		Release|Any CPU = Release|Any CPU
	EndGlobalSection
	GlobalSection(ProjectConfigurationPlatforms) = postSolution
		{1B68487C-D594-42BB-A058-CF773267C76A}.Debug|Any CPU.ActiveCfg = Debug|Any CPU
		{1B68487C-D594-42BB-A058-CF773267C76A}.Debug|Any CPU.Build.0 = Debug|Any CPU
		{1B68487C-D594-42BB-A058-CF773267C76A}.Release|Any CPU.ActiveCfg = Release|Any CPU
		{1B68487C-D594-42BB-A058-CF773267C76A}.Release|Any CPU.Build.0 = Release|Any CPU
		{81BA016F-66CD-4B38-9A4C-DA3EAFF12701}.Debug|Any CPU.ActiveCfg = Debug|Any CPU
		{81BA016F-66CD-4B38-9A4C-DA3EAFF12701}.Debug|Any CPU.Build.0 = Debug|Any CPU
		{81BA016F-66CD-4B38-9A4C-DA3EAFF12701}.Release|Any CPU.ActiveCfg = Release|Any CPU
		{81BA016F-66CD-4B38-9A4C-DA3EAFF12701}.Release|Any CPU.Build.0 = Release|Any CPU
		{EB2E2D9A-1F5A-4292-AFF6-0D9A19EF06C3}.Debug|Any CPU.ActiveCfg = Debug|Any CPU
		{EB2E2D9A-1F5A-4292-AFF6-0D9A19EF06C3}.Debug|Any CPU.Build.0 = Debug|Any CPU
		{EB2E2D9A-1F5A-4292-AFF6-0D9A19EF06C3}.Release|Any CPU.ActiveCfg = Release|Any CPU
		{EB2E2D9A-1F5A-4292-AFF6-0D9A19EF06C3}.Release|Any CPU.Build.0 = Release|Any CPU
	EndGlobalSection
	GlobalSection(SolutionProperties) = preSolution
		HideSolutionNode = FALSE
	EndGlobalSection
EndGlobal
